
Microsoft Visual Studio Solution File, Format Version 12.00
# Visual Studio Version 17
VisualStudioVersion = 17.2.32616.157
MinimumVisualStudioVersion = 10.0.40219.1
Project("{FAE04EC0-301F-11D3-BF4B-00C04F79EFBC}") = "FileManager", "FileManager.csproj", "{9109A83D-4E37-4733-B49D-F07FB7B39712}"
EndProject
Global
	GlobalSection(SolutionConfigurationPlatforms) = preSolution
		Debug|Any CPU = Debug|Any CPU
		Release|Any CPU = Release|Any CPU
	EndGlobalSection
	GlobalSection(ProjectConfigurationPlatforms) = postSolution
		{9109A83D-4E37-4733-B49D-F07FB7B39712}.Debug|Any CPU.ActiveCfg = Debug|Any CPU
		{9109A83D-4E37-4733-B49D-F07FB7B39712}.Debug|Any CPU.Build.0 = Debug|Any CPU
		{9109A83D-4E37-4733-B49D-F07FB7B39712}.Release|Any CPU.ActiveCfg = Release|Any CPU
		{9109A83D-4E37-4733-B49D-F07FB7B39712}.Release|Any CPU.Build.0 = Release|Any CPU
	EndGlobalSection
	GlobalSection(SolutionProperties) = preSolution
		HideSolutionNode = FALSE
	EndGlobalSection
	GlobalSection(ExtensibilityGlobals) = postSolution
		SolutionGuid = {8ABF07CC-7ED4-48B3-9FB2-212E97D4751B}
	EndGlobalSection
EndGlobal
